
Microsoft Visual Studio Solution File, Format Version 12.00
# Visual Studio Version 17
VisualStudioVersion = 17.9.34728.123
MinimumVisualStudioVersion = 10.0.40219.1
Project("{9A19103F-16F7-4668-BE54-9A1E7A4F7556}") = "DistribuidoraBebidas", "DistribuidoraBebidas.csproj", "{5DA27ED7-1351-4A3B-AD84-4B67FA45F7C6}"
EndProject
Project("{9A19103F-16F7-4668-BE54-9A1E7A4F7556}") = "Domain", "..\Domain\Domain.csproj", "{16B47552-C228-41E6-B853-AB2BAD90C452}"
EndProject
Project("{9A19103F-16F7-4668-BE54-9A1E7A4F7556}") = "Infraestruture.repository", "..\Infraestruture.repository\Infraestruture.repository.csproj", "{B750B6C0-C83F-45E6-85B1-E6EB8AC1AA79}"
EndProject
Global
	GlobalSection(SolutionConfigurationPlatforms) = preSolution
		Debug|Any CPU = Debug|Any CPU
		Release|Any CPU = Release|Any CPU
	EndGlobalSection
	GlobalSection(ProjectConfigurationPlatforms) = postSolution
		{5DA27ED7-1351-4A3B-AD84-4B67FA45F7C6}.Debug|Any CPU.ActiveCfg = Debug|Any CPU
		{5DA27ED7-1351-4A3B-AD84-4B67FA45F7C6}.Debug|Any CPU.Build.0 = Debug|Any CPU
		{5DA27ED7-1351-4A3B-AD84-4B67FA45F7C6}.Release|Any CPU.ActiveCfg = Release|Any CPU
		{5DA27ED7-1351-4A3B-AD84-4B67FA45F7C6}.Release|Any CPU.Build.0 = Release|Any CPU
		{16B47552-C228-41E6-B853-AB2BAD90C452}.Debug|Any CPU.ActiveCfg = Debug|Any CPU
		{16B47552-C228-41E6-B853-AB2BAD90C452}.Debug|Any CPU.Build.0 = Debug|Any CPU
		{16B47552-C228-41E6-B853-AB2BAD90C452}.Release|Any CPU.ActiveCfg = Release|Any CPU
		{16B47552-C228-41E6-B853-AB2BAD90C452}.Release|Any CPU.Build.0 = Release|Any CPU
		{B750B6C0-C83F-45E6-85B1-E6EB8AC1AA79}.Debug|Any CPU.ActiveCfg = Debug|Any CPU
		{B750B6C0-C83F-45E6-85B1-E6EB8AC1AA79}.Debug|Any CPU.Build.0 = Debug|Any CPU
		{B750B6C0-C83F-45E6-85B1-E6EB8AC1AA79}.Release|Any CPU.ActiveCfg = Release|Any CPU
		{B750B6C0-C83F-45E6-85B1-E6EB8AC1AA79}.Release|Any CPU.Build.0 = Release|Any CPU
	EndGlobalSection
	GlobalSection(SolutionProperties) = preSolution
		HideSolutionNode = FALSE
	EndGlobalSection
	GlobalSection(ExtensibilityGlobals) = postSolution
		SolutionGuid = {B55B7342-4554-439F-85B9-4A959C8DF701}
	EndGlobalSection
EndGlobal
